
Microsoft Visual Studio Solution File, Format Version 12.00
Project("{2150E333-8FDC-42A3-9474-1A3956D46DE8}") = "src", "src", "{B8BDAAF6-DCB4-4210-BE23-79E9C0AAEE73}"
EndProject
Project("{2150E333-8FDC-42A3-9474-1A3956D46DE8}") = "tests", "tests", "{173A9545-C2CF-4FAC-A2AE-306D72FEFCDC}"
EndProject
Project("{FAE04EC0-301F-11D3-BF4B-00C04F79EFBC}") = "Domain", "Domain\Domain.csproj", "{88DFC559-EB84-47A9-9B86-19771C74DEEE}"
EndProject
Project("{FAE04EC0-301F-11D3-BF4B-00C04F79EFBC}") = "Domain.Tests.Unit", "tests\Domain.Tests.Unit\Domain.Tests.Unit.csproj", "{62B0BDD8-5297-4A28-890D-E3D74AD03720}"
EndProject
Global
	GlobalSection(SolutionConfigurationPlatforms) = preSolution
		Debug|Any CPU = Debug|Any CPU
		Release|Any CPU = Release|Any CPU
	EndGlobalSection
	GlobalSection(NestedProjects) = preSolution
		{88DFC559-EB84-47A9-9B86-19771C74DEEE} = {B8BDAAF6-DCB4-4210-BE23-79E9C0AAEE73}
		{62B0BDD8-5297-4A28-890D-E3D74AD03720} = {173A9545-C2CF-4FAC-A2AE-306D72FEFCDC}
	EndGlobalSection
	GlobalSection(ProjectConfigurationPlatforms) = postSolution
		{88DFC559-EB84-47A9-9B86-19771C74DEEE}.Debug|Any CPU.ActiveCfg = Debug|Any CPU
		{88DFC559-EB84-47A9-9B86-19771C74DEEE}.Debug|Any CPU.Build.0 = Debug|Any CPU
		{88DFC559-EB84-47A9-9B86-19771C74DEEE}.Release|Any CPU.ActiveCfg = Release|Any CPU
		{88DFC559-EB84-47A9-9B86-19771C74DEEE}.Release|Any CPU.Build.0 = Release|Any CPU
		{62B0BDD8-5297-4A28-890D-E3D74AD03720}.Debug|Any CPU.ActiveCfg = Debug|Any CPU
		{62B0BDD8-5297-4A28-890D-E3D74AD03720}.Debug|Any CPU.Build.0 = Debug|Any CPU
		{62B0BDD8-5297-4A28-890D-E3D74AD03720}.Release|Any CPU.ActiveCfg = Release|Any CPU
		{62B0BDD8-5297-4A28-890D-E3D74AD03720}.Release|Any CPU.Build.0 = Release|Any CPU
	EndGlobalSection
EndGlobal
